
Microsoft Visual Studio Solution File, Format Version 12.00
# Visual Studio Version 17
VisualStudioVersion = 17.5.002.0
MinimumVisualStudioVersion = 10.0.40219.1
Project("{FAE04EC0-301F-11D3-BF4B-00C04F79EFBC}") = "NASADataApi", "NASADataApi\NASADataApi.csproj", "{A95F6BC1-9124-4196-8D44-B68659BA59C7}"
EndProject
Project("{FAE04EC0-301F-11D3-BF4B-00C04F79EFBC}") = "NASAPhotoDownloader", "NASAPhotoDownloader\NASAPhotoDownloader.csproj", "{352E26E5-EFC7-49D7-B672-182B1A5E42F6}"
EndProject
Global
	GlobalSection(SolutionConfigurationPlatforms) = preSolution
		Debug|Any CPU = Debug|Any CPU
		Release|Any CPU = Release|Any CPU
	EndGlobalSection
	GlobalSection(ProjectConfigurationPlatforms) = postSolution
		{A95F6BC1-9124-4196-8D44-B68659BA59C7}.Debug|Any CPU.ActiveCfg = Debug|Any CPU
		{A95F6BC1-9124-4196-8D44-B68659BA59C7}.Debug|Any CPU.Build.0 = Debug|Any CPU
		{A95F6BC1-9124-4196-8D44-B68659BA59C7}.Release|Any CPU.ActiveCfg = Release|Any CPU
		{A95F6BC1-9124-4196-8D44-B68659BA59C7}.Release|Any CPU.Build.0 = Release|Any CPU
		{352E26E5-EFC7-49D7-B672-182B1A5E42F6}.Debug|Any CPU.ActiveCfg = Debug|Any CPU
		{352E26E5-EFC7-49D7-B672-182B1A5E42F6}.Debug|Any CPU.Build.0 = Debug|Any CPU
		{352E26E5-EFC7-49D7-B672-182B1A5E42F6}.Release|Any CPU.ActiveCfg = Release|Any CPU
		{352E26E5-EFC7-49D7-B672-182B1A5E42F6}.Release|Any CPU.Build.0 = Release|Any CPU
	EndGlobalSection
	GlobalSection(SolutionProperties) = preSolution
		HideSolutionNode = FALSE
	EndGlobalSection
	GlobalSection(ExtensibilityGlobals) = postSolution
		SolutionGuid = {307CB247-92DD-4F38-902B-F8A3397BA8D7}
	EndGlobalSection
EndGlobal
