
Microsoft Visual Studio Solution File, Format Version 12.00
# Visual Studio Version 17
VisualStudioVersion = 17.5.33530.505
MinimumVisualStudioVersion = 10.0.40219.1
Project("{9A19103F-16F7-4668-BE54-9A1E7A4F7556}") = "NASAPicturesAPI", "NASAPicturesAPI\NASAPicturesAPI.csproj", "{9A39B83B-1F6C-4F93-879B-E5DC86E94B52}"
EndProject
Project("{9A19103F-16F7-4668-BE54-9A1E7A4F7556}") = "NASADataApi", "NASADataApi\NASADataApi.csproj", "{3008AF17-E82A-4B16-ADC1-1264B0CC3191}"
EndProject
Global
	GlobalSection(SolutionConfigurationPlatforms) = preSolution
		Debug|Any CPU = Debug|Any CPU
		Release|Any CPU = Release|Any CPU
	EndGlobalSection
	GlobalSection(ProjectConfigurationPlatforms) = postSolution
		{9A39B83B-1F6C-4F93-879B-E5DC86E94B52}.Debug|Any CPU.ActiveCfg = Debug|Any CPU
		{9A39B83B-1F6C-4F93-879B-E5DC86E94B52}.Debug|Any CPU.Build.0 = Debug|Any CPU
		{9A39B83B-1F6C-4F93-879B-E5DC86E94B52}.Release|Any CPU.ActiveCfg = Release|Any CPU
		{9A39B83B-1F6C-4F93-879B-E5DC86E94B52}.Release|Any CPU.Build.0 = Release|Any CPU
		{3008AF17-E82A-4B16-ADC1-1264B0CC3191}.Debug|Any CPU.ActiveCfg = Debug|Any CPU
		{3008AF17-E82A-4B16-ADC1-1264B0CC3191}.Debug|Any CPU.Build.0 = Debug|Any CPU
		{3008AF17-E82A-4B16-ADC1-1264B0CC3191}.Release|Any CPU.ActiveCfg = Release|Any CPU
		{3008AF17-E82A-4B16-ADC1-1264B0CC3191}.Release|Any CPU.Build.0 = Release|Any CPU
	EndGlobalSection
	GlobalSection(SolutionProperties) = preSolution
		HideSolutionNode = FALSE
	EndGlobalSection
	GlobalSection(ExtensibilityGlobals) = postSolution
		SolutionGuid = {E7562864-E810-4EE7-BCC5-70A2D372B518}
	EndGlobalSection
EndGlobal
